# generated by rye
# use `rye lock` or `rye sync` to update this lockfile
#
# last locked with the following flags:
#   pre: false
#   features: []
#   all-features: false

-e file:.
lizard==1.17.10
llvmlite==0.42.0
mypy==1.9.0
mypy-extensions==1.0.0
numba==0.59.0
numpy==1.26.2
ruff==0.1.6
typing-extensions==4.10.0
